
Microsoft Visual Studio Solution File, Format Version 12.00
# Visual Studio Version 17
VisualStudioVersion = 17.0.32014.148
MinimumVisualStudioVersion = 10.0.40219.1
Project("{9A19103F-16F7-4668-BE54-9A1E7A4F7556}") = "BlazorCitiesApp.Server", "BlazorCitiesApp\Server\BlazorCitiesApp.Server.csproj", "{1297E8FC-72D9-4B44-9445-90E3CF9BD190}"
EndProject
Project("{9A19103F-16F7-4668-BE54-9A1E7A4F7556}") = "BlazorCitiesApp.Client", "BlazorCitiesApp\Client\BlazorCitiesApp.Client.csproj", "{EA760E25-8932-4364-BD5E-848AF990265C}"
EndProject
Project("{9A19103F-16F7-4668-BE54-9A1E7A4F7556}") = "BlazorCitiesApp.Shared", "BlazorCitiesApp\Shared\BlazorCitiesApp.Shared.csproj", "{EA2271CB-8FD2-4A30-B89A-600D08B99A35}"
EndProject
Global
	GlobalSection(SolutionConfigurationPlatforms) = preSolution
		Debug|Any CPU = Debug|Any CPU
		Release|Any CPU = Release|Any CPU
	EndGlobalSection
	GlobalSection(ProjectConfigurationPlatforms) = postSolution
		{1297E8FC-72D9-4B44-9445-90E3CF9BD190}.Debug|Any CPU.ActiveCfg = Debug|Any CPU
		{1297E8FC-72D9-4B44-9445-90E3CF9BD190}.Debug|Any CPU.Build.0 = Debug|Any CPU
		{1297E8FC-72D9-4B44-9445-90E3CF9BD190}.Release|Any CPU.ActiveCfg = Release|Any CPU
		{1297E8FC-72D9-4B44-9445-90E3CF9BD190}.Release|Any CPU.Build.0 = Release|Any CPU
		{EA760E25-8932-4364-BD5E-848AF990265C}.Debug|Any CPU.ActiveCfg = Debug|Any CPU
		{EA760E25-8932-4364-BD5E-848AF990265C}.Debug|Any CPU.Build.0 = Debug|Any CPU
		{EA760E25-8932-4364-BD5E-848AF990265C}.Release|Any CPU.ActiveCfg = Release|Any CPU
		{EA760E25-8932-4364-BD5E-848AF990265C}.Release|Any CPU.Build.0 = Release|Any CPU
		{EA2271CB-8FD2-4A30-B89A-600D08B99A35}.Debug|Any CPU.ActiveCfg = Debug|Any CPU
		{EA2271CB-8FD2-4A30-B89A-600D08B99A35}.Debug|Any CPU.Build.0 = Debug|Any CPU
		{EA2271CB-8FD2-4A30-B89A-600D08B99A35}.Release|Any CPU.ActiveCfg = Release|Any CPU
		{EA2271CB-8FD2-4A30-B89A-600D08B99A35}.Release|Any CPU.Build.0 = Release|Any CPU
	EndGlobalSection
	GlobalSection(SolutionProperties) = preSolution
		HideSolutionNode = FALSE
	EndGlobalSection
	GlobalSection(ExtensibilityGlobals) = postSolution
		SolutionGuid = {E3EE78F6-0A9F-40A0-96E8-CB3121E790A1}
	EndGlobalSection
EndGlobal
